
Microsoft Visual Studio Solution File, Format Version 12.00
# Visual Studio Version 16
VisualStudioVersion = 16.0.29123.88
MinimumVisualStudioVersion = 10.0.40219.1
Project("{8BC9CEB8-8B4A-11D0-8D11-00A0C91BC942}") = "Calculator", "Calculator\Calculator.vcxproj", "{F8C616F2-CD24-4441-84C4-3D5E192FE135}"
EndProject
Global
	GlobalSection(SolutionConfigurationPlatforms) = preSolution
		Debug|x64 = Debug|x64
		Debug|x86 = Debug|x86
		Release|x64 = Release|x64
		Release|x86 = Release|x86
	EndGlobalSection
	GlobalSection(ProjectConfigurationPlatforms) = postSolution
		{F8C616F2-CD24-4441-84C4-3D5E192FE135}.Debug|x64.ActiveCfg = Debug|x64
		{F8C616F2-CD24-4441-84C4-3D5E192FE135}.Debug|x64.Build.0 = Debug|x64
		{F8C616F2-CD24-4441-84C4-3D5E192FE135}.Debug|x86.ActiveCfg = Debug|Win32
		{F8C616F2-CD24-4441-84C4-3D5E192FE135}.Debug|x86.Build.0 = Debug|Win32
		{F8C616F2-CD24-4441-84C4-3D5E192FE135}.Release|x64.ActiveCfg = Release|x64
		{F8C616F2-CD24-4441-84C4-3D5E192FE135}.Release|x64.Build.0 = Release|x64
		{F8C616F2-CD24-4441-84C4-3D5E192FE135}.Release|x86.ActiveCfg = Release|Win32
		{F8C616F2-CD24-4441-84C4-3D5E192FE135}.Release|x86.Build.0 = Release|Win32
	EndGlobalSection
	GlobalSection(SolutionProperties) = preSolution
		HideSolutionNode = FALSE
	EndGlobalSection
	GlobalSection(ExtensibilityGlobals) = postSolution
		SolutionGuid = {CA67F0C7-C4C4-4B69-8C9B-E22ADFD99C14}
	EndGlobalSection
EndGlobal
